<?xml version="1.0" encoding="utf-8"?>
<Project ToolsVersion="4.0" xmlns="http://schemas.microsoft.com/developer/msbuild/2003">
  <ItemGroup>
    <Filter Include="ソース ファイル">
      <UniqueIdentifier>{4FC737F1-C7A5-4376-A066-2A32D752A2FF}</UniqueIdentifier>
      <Extensions>cpp;c;cc;cxx;c++;cppm;ixx;def;odl;idl;hpj;bat;asm;asmx</Extensions>
    </Filter>
    <Filter Include="ヘッダー ファイル">
      <UniqueIdentifier>{93995380-89BD-4b04-88EB-625FBE52EBFB}</UniqueIdentifier>
      <Extensions>h;hh;hpp;hxx;h++;hm;inl;inc;ipp;xsd</Extensions>
    </Filter>
    <Filter Include="リソース ファイル">
      <UniqueIdentifier>{67DA6AB6-F800-4c08-8B7A-83BB121AAD01}</UniqueIdentifier>
      <Extensions>rc;ico;cur;bmp;dlg;rc2;rct;bin;rgs;gif;jpg;jpeg;jpe;resx;tiff;tif;png;wav;mfcribbon-ms</Extensions>
    </Filter>
    <Filter Include="ソース ファイル\chapter1">
      <UniqueIdentifier>{bdb5044b-2527-4d11-ba00-180008979d22}</UniqueIdentifier>
    </Filter>
    <Filter Include="ソース ファイル\chapter2">
      <UniqueIdentifier>{134291a2-483a-4ffa-835c-4361c08ad475}</UniqueIdentifier>
    </Filter>
    <Filter Include="ソース ファイル\chapter2\Shader">
      <UniqueIdentifier>{3bdeeedb-509d-4f89-add1-f10f0753483b}</UniqueIdentifier>
    </Filter>
  </ItemGroup>
  <ItemGroup>
    <ClCompile Include="OpenGL.cpp">
      <Filter>ソース ファイル</Filter>
    </ClCompile>
    <ClCompile Include="chapter1\GLShader.cpp">
      <Filter>ソース ファイル\chapter1</Filter>
    </ClCompile>
    <ClCompile Include="chapter2\glslprogram.cpp">
      <Filter>ソース ファイル\chapter2</Filter>
    </ClCompile>
    <ClCompile Include="chapter2\scene.cpp">
      <Filter>ソース ファイル\chapter2</Filter>
    </ClCompile>
    <ClCompile Include="chapter2\vbotorus.cpp">
      <Filter>ソース ファイル\chapter2</Filter>
    </ClCompile>
    <ClCompile Include="chapter1\Glslprogram.cpp">
      <Filter>ソース ファイル\chapter1</Filter>
    </ClCompile>
    <ClCompile Include="chapter2\ADSScene.cpp">
      <Filter>ソース ファイル\chapter2</Filter>
    </ClCompile>
  </ItemGroup>
  <ItemGroup>
    <None Include="chapter1\basic.vert">
      <Filter>ソース ファイル\chapter1</Filter>
    </None>
    <None Include="chapter1\basic.frag">
      <Filter>ソース ファイル\chapter1</Filter>
    </None>
    <None Include="chapter2\Shader\DiffuseShader.vert">
      <Filter>ソース ファイル\chapter2\Shader</Filter>
    </None>
    <None Include="chapter2\Shader\DiffuseShader.frag">
      <Filter>ソース ファイル\chapter2\Shader</Filter>
    </None>
    <None Include="chapter2\Shader\ADSShader.frag">
      <Filter>ソース ファイル\chapter2\Shader</Filter>
    </None>
    <None Include="chapter2\Shader\ADSShader.vert">
      <Filter>ソース ファイル\chapter2\Shader</Filter>
    </None>
  </ItemGroup>
  <ItemGroup>
    <ClInclude Include="chapter1\GLShader.hpp">
      <Filter>ソース ファイル\chapter1</Filter>
    </ClInclude>
    <ClInclude Include="chapter2\glslprogram.h">
      <Filter>ソース ファイル\chapter2</Filter>
    </ClInclude>
    <ClInclude Include="chapter2\scene.h">
      <Filter>ソース ファイル\chapter2</Filter>
    </ClInclude>
    <ClInclude Include="chapter2\Drawable.h">
      <Filter>ソース ファイル\chapter2</Filter>
    </ClInclude>
    <ClInclude Include="chapter2\vbotorus.h">
      <Filter>ソース ファイル\chapter2</Filter>
    </ClInclude>
    <ClInclude Include="chapter2\defines.h">
      <Filter>ソース ファイル\chapter2</Filter>
    </ClInclude>
    <ClInclude Include="chapter1\Glslprogram.h">
      <Filter>ソース ファイル\chapter1</Filter>
    </ClInclude>
    <ClInclude Include="chapter2\ADSScene.h">
      <Filter>ソース ファイル\chapter2</Filter>
    </ClInclude>
  </ItemGroup>
</Project>