<?xml version="1.0" encoding="utf-8"?>
<Project ToolsVersion="4.0" xmlns="http://schemas.microsoft.com/developer/msbuild/2003">
  <ItemGroup>
    <Filter Include="ソース ファイル">
      <UniqueIdentifier>{4FC737F1-C7A5-4376-A066-2A32D752A2FF}</UniqueIdentifier>
      <Extensions>cpp;c;cc;cxx;c++;cppm;ixx;def;odl;idl;hpj;bat;asm;asmx</Extensions>
    </Filter>
    <Filter Include="ヘッダー ファイル">
      <UniqueIdentifier>{93995380-89BD-4b04-88EB-625FBE52EBFB}</UniqueIdentifier>
      <Extensions>h;hh;hpp;hxx;h++;hm;inl;inc;ipp;xsd</Extensions>
    </Filter>
    <Filter Include="リソース ファイル">
      <UniqueIdentifier>{67DA6AB6-F800-4c08-8B7A-83BB121AAD01}</UniqueIdentifier>
      <Extensions>rc;ico;cur;bmp;dlg;rc2;rct;bin;rgs;gif;jpg;jpeg;jpe;resx;tiff;tif;png;wav;mfcribbon-ms</Extensions>
    </Filter>
    <Filter Include="ソース ファイル\chapter1">
      <UniqueIdentifier>{bdb5044b-2527-4d11-ba00-180008979d22}</UniqueIdentifier>
    </Filter>
    <Filter Include="ソース ファイル\chapter2">
      <UniqueIdentifier>{134291a2-483a-4ffa-835c-4361c08ad475}</UniqueIdentifier>
    </Filter>
    <Filter Include="ソース ファイル\chapter2\Shader">
      <UniqueIdentifier>{3bdeeedb-509d-4f89-add1-f10f0753483b}</UniqueIdentifier>
    </Filter>
    <Filter Include="ソース ファイル\chapter3">
      <UniqueIdentifier>{45ce5799-c442-42f0-8197-2b7b9fe497ce}</UniqueIdentifier>
    </Filter>
    <Filter Include="ソース ファイル\chapter3\multiLight">
      <UniqueIdentifier>{5170f4d3-9b80-45e6-beb6-d45141f93904}</UniqueIdentifier>
    </Filter>
    <Filter Include="ソース ファイル\chapter3\multiLight\Shader">
      <UniqueIdentifier>{7ff363ca-fbd0-4875-b3d2-fe707fc15f64}</UniqueIdentifier>
    </Filter>
    <Filter Include="ソース ファイル\chapter3\Mesh">
      <UniqueIdentifier>{07cd492f-458c-4231-bc1c-c7cf5113db85}</UniqueIdentifier>
    </Filter>
    <Filter Include="ソース ファイル\chapter3\directionalLight">
      <UniqueIdentifier>{04d0519c-5072-4cff-86ef-c46b5464f9c3}</UniqueIdentifier>
    </Filter>
    <Filter Include="ソース ファイル\chapter3\directionalLight\Shader">
      <UniqueIdentifier>{55da3988-e99b-4aa0-ab74-49abcb76b66b}</UniqueIdentifier>
    </Filter>
    <Filter Include="ソース ファイル\chapter3\PerFragment">
      <UniqueIdentifier>{eb883ce5-860d-411f-b971-f3357d1d668d}</UniqueIdentifier>
    </Filter>
    <Filter Include="ソース ファイル\chapter3\PerFragment\Shader">
      <UniqueIdentifier>{8626840d-e5e0-4bf9-b7e6-ecfd02d19075}</UniqueIdentifier>
    </Filter>
    <Filter Include="ソース ファイル\chapter3\SpotLight">
      <UniqueIdentifier>{f91d6695-8ed6-4523-8f8f-712c85b9d91b}</UniqueIdentifier>
    </Filter>
    <Filter Include="ソース ファイル\chapter3\SpotLight\Shader">
      <UniqueIdentifier>{8d052651-de64-48ed-b984-ef9068866ef7}</UniqueIdentifier>
    </Filter>
    <Filter Include="ソース ファイル\chapter3\Toon">
      <UniqueIdentifier>{e017c20c-75cd-426b-9e31-a7c2a72e86ca}</UniqueIdentifier>
    </Filter>
    <Filter Include="ソース ファイル\chapter3\Toon\Shader">
      <UniqueIdentifier>{1e31b109-db5f-44c9-82a1-4836fde25436}</UniqueIdentifier>
    </Filter>
    <Filter Include="ソース ファイル\chapter3\Fog">
      <UniqueIdentifier>{c2497284-6b1e-42ef-92f9-e88885894358}</UniqueIdentifier>
    </Filter>
    <Filter Include="ソース ファイル\chapter3\Fog\Shader">
      <UniqueIdentifier>{a9f3f204-cd8c-41e1-b22c-d9df1ca2455f}</UniqueIdentifier>
    </Filter>
  </ItemGroup>
  <ItemGroup>
    <ClCompile Include="OpenGL.cpp">
      <Filter>ソース ファイル</Filter>
    </ClCompile>
    <ClCompile Include="chapter1\GLShader.cpp">
      <Filter>ソース ファイル\chapter1</Filter>
    </ClCompile>
    <ClCompile Include="chapter2\glslprogram.cpp">
      <Filter>ソース ファイル\chapter2</Filter>
    </ClCompile>
    <ClCompile Include="chapter2\scene.cpp">
      <Filter>ソース ファイル\chapter2</Filter>
    </ClCompile>
    <ClCompile Include="chapter2\vbotorus.cpp">
      <Filter>ソース ファイル\chapter2</Filter>
    </ClCompile>
    <ClCompile Include="chapter1\Glslprogram.cpp">
      <Filter>ソース ファイル\chapter1</Filter>
    </ClCompile>
    <ClCompile Include="chapter2\ADSScene.cpp">
      <Filter>ソース ファイル\chapter2</Filter>
    </ClCompile>
    <ClCompile Include="chapter2\teaPot.cpp">
      <Filter>ソース ファイル\chapter2</Filter>
    </ClCompile>
    <ClCompile Include="chapter2\SceneTwoSide.cpp">
      <Filter>ソース ファイル\chapter2</Filter>
    </ClCompile>
    <ClCompile Include="chapter2\FlatScene.cpp">
      <Filter>ソース ファイル\chapter2</Filter>
    </ClCompile>
    <ClCompile Include="chapter2\SceneSubRoutine.cpp">
      <Filter>ソース ファイル\chapter2</Filter>
    </ClCompile>
    <ClCompile Include="chapter2\DiscardScene.cpp">
      <Filter>ソース ファイル\chapter2</Filter>
    </ClCompile>
    <ClCompile Include="chapter3\multiLight\SceneMultiLight.cpp">
      <Filter>ソース ファイル\chapter3\multiLight</Filter>
    </ClCompile>
    <ClCompile Include="chapter3\Mesh\VBOPlane.cpp">
      <Filter>ソース ファイル\chapter3\Mesh</Filter>
    </ClCompile>
    <ClCompile Include="chapter3\directionalLight\SceneDirectionalLight.cpp">
      <Filter>ソース ファイル\chapter3\directionalLight</Filter>
    </ClCompile>
    <ClCompile Include="chapter3\PerFragment\ScenePerFragment.cpp">
      <Filter>ソース ファイル\chapter3\PerFragment</Filter>
    </ClCompile>
    <ClCompile Include="chapter3\SpotLight\SceneSpotLight.cpp">
      <Filter>ソース ファイル\chapter3\SpotLight</Filter>
    </ClCompile>
    <ClCompile Include="chapter3\Toon\SceneToon.cpp">
      <Filter>ソース ファイル\chapter3\Toon</Filter>
    </ClCompile>
    <ClCompile Include="chapter3\Fog\SceneFog.cpp">
      <Filter>ソース ファイル\chapter3\Fog</Filter>
    </ClCompile>
  </ItemGroup>
  <ItemGroup>
    <None Include="chapter1\basic.vert">
      <Filter>ソース ファイル\chapter1</Filter>
    </None>
    <None Include="chapter1\basic.frag">
      <Filter>ソース ファイル\chapter1</Filter>
    </None>
    <None Include="chapter2\Shader\DiffuseShader.vert">
      <Filter>ソース ファイル\chapter2\Shader</Filter>
    </None>
    <None Include="chapter2\Shader\DiffuseShader.frag">
      <Filter>ソース ファイル\chapter2\Shader</Filter>
    </None>
    <None Include="chapter2\Shader\ADSShader.frag">
      <Filter>ソース ファイル\chapter2\Shader</Filter>
    </None>
    <None Include="chapter2\Shader\ADSShader.vert">
      <Filter>ソース ファイル\chapter2\Shader</Filter>
    </None>
    <None Include="chapter2\Shader\FunctionADSShader.vert">
      <Filter>ソース ファイル\chapter2\Shader</Filter>
    </None>
    <None Include="chapter2\Shader\FunctionADSShader.frag">
      <Filter>ソース ファイル\chapter2\Shader</Filter>
    </None>
    <None Include="chapter2\Shader\TwoSideShader.vert">
      <Filter>ソース ファイル\chapter2\Shader</Filter>
    </None>
    <None Include="chapter2\Shader\TwoSideShader.frag">
      <Filter>ソース ファイル\chapter2\Shader</Filter>
    </None>
    <None Include="chapter2\Shader\FlatShader.vert">
      <Filter>ソース ファイル\chapter2\Shader</Filter>
    </None>
    <None Include="chapter2\Shader\FlatShader.frag">
      <Filter>ソース ファイル\chapter2\Shader</Filter>
    </None>
    <None Include="chapter2\Shader\SubRoutineShader.vert">
      <Filter>ソース ファイル\chapter2\Shader</Filter>
    </None>
    <None Include="chapter2\Shader\SubRoutineShader.frag">
      <Filter>ソース ファイル\chapter2\Shader</Filter>
    </None>
    <None Include="chapter2\Shader\DiscardShader.vert">
      <Filter>ソース ファイル\chapter2\Shader</Filter>
    </None>
    <None Include="chapter2\Shader\DiscardShader.frag">
      <Filter>ソース ファイル\chapter2\Shader</Filter>
    </None>
    <None Include="chapter3\multiLight\Shader\MultiLightShader.frag">
      <Filter>ソース ファイル\chapter3\multiLight\Shader</Filter>
    </None>
    <None Include="chapter3\multiLight\Shader\MultiLightShader.vert">
      <Filter>ソース ファイル\chapter3\multiLight\Shader</Filter>
    </None>
    <None Include="chapter3\directionalLight\Shader\DirectionalLightShader.frag">
      <Filter>ソース ファイル\chapter3\directionalLight\Shader</Filter>
    </None>
    <None Include="chapter3\directionalLight\Shader\DirectionalLightShader.vert">
      <Filter>ソース ファイル\chapter3\directionalLight\Shader</Filter>
    </None>
    <None Include="chapter3\PerFragment\Shader\PerFragmentShader.vert">
      <Filter>ソース ファイル\chapter3\PerFragment\Shader</Filter>
    </None>
    <None Include="chapter3\PerFragment\Shader\PerFragmentShader.frag">
      <Filter>ソース ファイル\chapter3\PerFragment\Shader</Filter>
    </None>
    <None Include="chapter3\SpotLight\Shader\SpotLightShader.vert">
      <Filter>ソース ファイル\chapter3\SpotLight\Shader</Filter>
    </None>
    <None Include="chapter3\SpotLight\Shader\SpotLightShader.frag">
      <Filter>ソース ファイル\chapter3\SpotLight\Shader</Filter>
    </None>
    <None Include="chapter3\Toon\Shader\ToonShader.vert">
      <Filter>ソース ファイル\chapter3\Toon\Shader</Filter>
    </None>
    <None Include="chapter3\Toon\Shader\ToonShader.frag">
      <Filter>ソース ファイル\chapter3\Toon\Shader</Filter>
    </None>
    <None Include="chapter3\Fog\Shader\FogShader.vert">
      <Filter>ソース ファイル\chapter3\Fog\Shader</Filter>
    </None>
    <None Include="chapter3\Fog\Shader\FogShader.frag">
      <Filter>ソース ファイル\chapter3\Fog\Shader</Filter>
    </None>
  </ItemGroup>
  <ItemGroup>
    <ClInclude Include="chapter1\GLShader.hpp">
      <Filter>ソース ファイル\chapter1</Filter>
    </ClInclude>
    <ClInclude Include="chapter2\glslprogram.h">
      <Filter>ソース ファイル\chapter2</Filter>
    </ClInclude>
    <ClInclude Include="chapter2\scene.h">
      <Filter>ソース ファイル\chapter2</Filter>
    </ClInclude>
    <ClInclude Include="chapter2\Drawable.h">
      <Filter>ソース ファイル\chapter2</Filter>
    </ClInclude>
    <ClInclude Include="chapter2\vbotorus.h">
      <Filter>ソース ファイル\chapter2</Filter>
    </ClInclude>
    <ClInclude Include="chapter2\defines.h">
      <Filter>ソース ファイル\chapter2</Filter>
    </ClInclude>
    <ClInclude Include="chapter1\Glslprogram.h">
      <Filter>ソース ファイル\chapter1</Filter>
    </ClInclude>
    <ClInclude Include="chapter2\ADSScene.h">
      <Filter>ソース ファイル\chapter2</Filter>
    </ClInclude>
    <ClInclude Include="chapter2\teaPot.h">
      <Filter>ソース ファイル\chapter2</Filter>
    </ClInclude>
    <ClInclude Include="chapter2\teapotdata.h">
      <Filter>ソース ファイル\chapter2</Filter>
    </ClInclude>
    <ClInclude Include="chapter2\SceneTwoSide.h">
      <Filter>ソース ファイル\chapter2</Filter>
    </ClInclude>
    <ClInclude Include="chapter2\FlatScene.h">
      <Filter>ソース ファイル\chapter2</Filter>
    </ClInclude>
    <ClInclude Include="chapter2\SceneSubRoutine.h">
      <Filter>ソース ファイル\chapter2</Filter>
    </ClInclude>
    <ClInclude Include="chapter2\DiscardScene.h">
      <Filter>ソース ファイル\chapter2</Filter>
    </ClInclude>
    <ClInclude Include="chapter3\multiLight\SceneMultiLight.h">
      <Filter>ソース ファイル\chapter3\multiLight</Filter>
    </ClInclude>
    <ClInclude Include="chapter3\Mesh\VBOPlane.h">
      <Filter>ソース ファイル\chapter3\Mesh</Filter>
    </ClInclude>
    <ClInclude Include="chapter3\directionalLight\SceneDirectionalLight.h">
      <Filter>ソース ファイル\chapter3\directionalLight</Filter>
    </ClInclude>
    <ClInclude Include="chapter3\PerFragment\ScenePerFragment.h">
      <Filter>ソース ファイル\chapter3\PerFragment</Filter>
    </ClInclude>
    <ClInclude Include="chapter3\SpotLight\SceneSpotLight.h">
      <Filter>ソース ファイル\chapter3\SpotLight</Filter>
    </ClInclude>
    <ClInclude Include="chapter3\Toon\SceneToon.h">
      <Filter>ソース ファイル\chapter3\Toon</Filter>
    </ClInclude>
    <ClInclude Include="chapter3\Fog\SceneFog.h">
      <Filter>ソース ファイル\chapter3\Fog</Filter>
    </ClInclude>
  </ItemGroup>
</Project>