<?xml version="1.0" encoding="utf-8"?>
<Project ToolsVersion="4.0" xmlns="http://schemas.microsoft.com/developer/msbuild/2003">
  <ItemGroup>
    <Filter Include="ソース ファイル">
      <UniqueIdentifier>{4FC737F1-C7A5-4376-A066-2A32D752A2FF}</UniqueIdentifier>
      <Extensions>cpp;c;cc;cxx;c++;cppm;ixx;def;odl;idl;hpj;bat;asm;asmx</Extensions>
    </Filter>
    <Filter Include="ヘッダー ファイル">
      <UniqueIdentifier>{93995380-89BD-4b04-88EB-625FBE52EBFB}</UniqueIdentifier>
      <Extensions>h;hh;hpp;hxx;h++;hm;inl;inc;ipp;xsd</Extensions>
    </Filter>
    <Filter Include="リソース ファイル">
      <UniqueIdentifier>{67DA6AB6-F800-4c08-8B7A-83BB121AAD01}</UniqueIdentifier>
      <Extensions>rc;ico;cur;bmp;dlg;rc2;rct;bin;rgs;gif;jpg;jpeg;jpe;resx;tiff;tif;png;wav;mfcribbon-ms</Extensions>
    </Filter>
    <Filter Include="ソース ファイル\chapter1">
      <UniqueIdentifier>{bdb5044b-2527-4d11-ba00-180008979d22}</UniqueIdentifier>
    </Filter>
    <Filter Include="ソース ファイル\chapter2">
      <UniqueIdentifier>{134291a2-483a-4ffa-835c-4361c08ad475}</UniqueIdentifier>
    </Filter>
    <Filter Include="ソース ファイル\chapter2\Shader">
      <UniqueIdentifier>{3bdeeedb-509d-4f89-add1-f10f0753483b}</UniqueIdentifier>
    </Filter>
    <Filter Include="ソース ファイル\chapter3">
      <UniqueIdentifier>{45ce5799-c442-42f0-8197-2b7b9fe497ce}</UniqueIdentifier>
    </Filter>
    <Filter Include="ソース ファイル\chapter3\multiLight">
      <UniqueIdentifier>{5170f4d3-9b80-45e6-beb6-d45141f93904}</UniqueIdentifier>
    </Filter>
    <Filter Include="ソース ファイル\chapter3\multiLight\Shader">
      <UniqueIdentifier>{7ff363ca-fbd0-4875-b3d2-fe707fc15f64}</UniqueIdentifier>
    </Filter>
    <Filter Include="ソース ファイル\chapter3\Mesh">
      <UniqueIdentifier>{07cd492f-458c-4231-bc1c-c7cf5113db85}</UniqueIdentifier>
    </Filter>
    <Filter Include="ソース ファイル\chapter3\directionalLight">
      <UniqueIdentifier>{04d0519c-5072-4cff-86ef-c46b5464f9c3}</UniqueIdentifier>
    </Filter>
    <Filter Include="ソース ファイル\chapter3\directionalLight\Shader">
      <UniqueIdentifier>{55da3988-e99b-4aa0-ab74-49abcb76b66b}</UniqueIdentifier>
    </Filter>
    <Filter Include="ソース ファイル\chapter3\PerFragment">
      <UniqueIdentifier>{eb883ce5-860d-411f-b971-f3357d1d668d}</UniqueIdentifier>
    </Filter>
    <Filter Include="ソース ファイル\chapter3\PerFragment\Shader">
      <UniqueIdentifier>{8626840d-e5e0-4bf9-b7e6-ecfd02d19075}</UniqueIdentifier>
    </Filter>
    <Filter Include="ソース ファイル\chapter3\SpotLight">
      <UniqueIdentifier>{f91d6695-8ed6-4523-8f8f-712c85b9d91b}</UniqueIdentifier>
    </Filter>
    <Filter Include="ソース ファイル\chapter3\SpotLight\Shader">
      <UniqueIdentifier>{8d052651-de64-48ed-b984-ef9068866ef7}</UniqueIdentifier>
    </Filter>
    <Filter Include="ソース ファイル\chapter3\Toon">
      <UniqueIdentifier>{e017c20c-75cd-426b-9e31-a7c2a72e86ca}</UniqueIdentifier>
    </Filter>
    <Filter Include="ソース ファイル\chapter3\Toon\Shader">
      <UniqueIdentifier>{1e31b109-db5f-44c9-82a1-4836fde25436}</UniqueIdentifier>
    </Filter>
    <Filter Include="ソース ファイル\chapter3\Fog">
      <UniqueIdentifier>{c2497284-6b1e-42ef-92f9-e88885894358}</UniqueIdentifier>
    </Filter>
    <Filter Include="ソース ファイル\chapter3\Fog\Shader">
      <UniqueIdentifier>{a9f3f204-cd8c-41e1-b22c-d9df1ca2455f}</UniqueIdentifier>
    </Filter>
    <Filter Include="ソース ファイル\chapter4">
      <UniqueIdentifier>{01715b5c-9e61-42e3-93e1-b9aa768ee943}</UniqueIdentifier>
    </Filter>
    <Filter Include="ソース ファイル\chapter4\Texture">
      <UniqueIdentifier>{9acee814-6fda-48a6-8c5f-239b14b763a2}</UniqueIdentifier>
    </Filter>
    <Filter Include="ソース ファイル\chapter4\Mesh">
      <UniqueIdentifier>{8e36120b-1967-45a0-90a4-10787d046529}</UniqueIdentifier>
    </Filter>
    <Filter Include="ソース ファイル\chapter4\UseTexture">
      <UniqueIdentifier>{3bd35fc5-7eeb-424b-9373-47857f6ebc9e}</UniqueIdentifier>
    </Filter>
    <Filter Include="ソース ファイル\chapter4\UseTexture\Shader">
      <UniqueIdentifier>{f3912a33-a25e-4bf0-bff7-07d662811d84}</UniqueIdentifier>
    </Filter>
    <Filter Include="ソース ファイル\chapter4\MultiTexture">
      <UniqueIdentifier>{60a4b302-5ba4-4166-b14a-566971d6bd78}</UniqueIdentifier>
    </Filter>
    <Filter Include="ソース ファイル\chapter4\MultiTexture\Shader">
      <UniqueIdentifier>{db985cec-8317-41a4-a90f-29252c8d0400}</UniqueIdentifier>
    </Filter>
    <Filter Include="ソース ファイル\chapter4\AlphaTest">
      <UniqueIdentifier>{25c3fc65-d7ef-43da-8657-c7ea3ca2fc1a}</UniqueIdentifier>
    </Filter>
    <Filter Include="ソース ファイル\chapter4\AlphaTest\Shader">
      <UniqueIdentifier>{a7779d2b-5a1f-4f50-a06e-a212035a70f8}</UniqueIdentifier>
    </Filter>
    <Filter Include="ソース ファイル\chapter4\NormalMap">
      <UniqueIdentifier>{9498236b-c198-42ac-9d34-6f5fd56a9946}</UniqueIdentifier>
    </Filter>
    <Filter Include="ソース ファイル\chapter4\NormalMap\Shader">
      <UniqueIdentifier>{87ab3e4e-2144-4291-acda-7e95dda34dcf}</UniqueIdentifier>
    </Filter>
    <Filter Include="ソース ファイル\chapter4\ReflectCube">
      <UniqueIdentifier>{c849959e-ded9-4e10-8f00-e9d6760dd3ce}</UniqueIdentifier>
    </Filter>
    <Filter Include="ソース ファイル\chapter4\ReflectCube\Shader">
      <UniqueIdentifier>{5db1db39-9e89-4e2f-9f88-b0a998bb1591}</UniqueIdentifier>
    </Filter>
    <Filter Include="ソース ファイル\chapter4\RefractCube">
      <UniqueIdentifier>{714892aa-b228-47ba-ae9c-a7bf67cde425}</UniqueIdentifier>
    </Filter>
    <Filter Include="ソース ファイル\chapter4\RefractCube\Shader">
      <UniqueIdentifier>{f4a9aaf4-f632-49e7-810e-c6f8fcf652b4}</UniqueIdentifier>
    </Filter>
    <Filter Include="ソース ファイル\chapter4\projTex">
      <UniqueIdentifier>{538ae6f8-8e59-4dfb-9cd3-673b054a5a5a}</UniqueIdentifier>
    </Filter>
    <Filter Include="ソース ファイル\chapter4\projTex\Shader">
      <UniqueIdentifier>{0c0d1308-0642-4a86-9625-8340dbc7dff5}</UniqueIdentifier>
    </Filter>
    <Filter Include="ソース ファイル\chapter4\RenderToTex">
      <UniqueIdentifier>{032efaf6-8d80-4dc3-bc63-f6d9cad41f06}</UniqueIdentifier>
    </Filter>
    <Filter Include="ソース ファイル\chapter4\RenderToTex\Shader">
      <UniqueIdentifier>{37cfc49b-2d75-431f-8dd6-ebbae3684c2e}</UniqueIdentifier>
    </Filter>
    <Filter Include="ソース ファイル\chapter5">
      <UniqueIdentifier>{e60b2795-5c44-4bf9-8a45-f69ee34aac82}</UniqueIdentifier>
    </Filter>
    <Filter Include="ソース ファイル\chapter5\Edge">
      <UniqueIdentifier>{ad20f1bb-9c8c-44ca-92c2-fd1bb6eddcfc}</UniqueIdentifier>
    </Filter>
    <Filter Include="ソース ファイル\chapter5\Edge\Shader">
      <UniqueIdentifier>{6ed09e9b-4bcc-4f9d-8454-60a06035f389}</UniqueIdentifier>
    </Filter>
    <Filter Include="ソース ファイル\chapter5\Blur">
      <UniqueIdentifier>{12589fb1-7123-4901-bba8-9a638a758600}</UniqueIdentifier>
    </Filter>
    <Filter Include="ソース ファイル\chapter5\Blur\Shader">
      <UniqueIdentifier>{49f668d1-4f7d-4b4e-8a92-4214ca25083b}</UniqueIdentifier>
    </Filter>
    <Filter Include="ソース ファイル\chapter5\Bloom">
      <UniqueIdentifier>{40ab4f5d-ddd5-4a30-a8fd-62e63ab02cde}</UniqueIdentifier>
    </Filter>
    <Filter Include="ソース ファイル\chapter5\Bloom\Shader">
      <UniqueIdentifier>{cb0c7ca1-2695-4bcb-b426-a14117646fc3}</UniqueIdentifier>
    </Filter>
    <Filter Include="ソース ファイル\chapter5\Gamma">
      <UniqueIdentifier>{a4139503-ec23-475e-a6c4-a7b69efacf4c}</UniqueIdentifier>
    </Filter>
    <Filter Include="ソース ファイル\chapter5\Gamma\Shader">
      <UniqueIdentifier>{9c556cfc-aca5-49a2-a4b5-9ef2ca95bf4b}</UniqueIdentifier>
    </Filter>
    <Filter Include="ソース ファイル\chapter5\MSAA">
      <UniqueIdentifier>{37c4558d-e690-454f-8bf9-89b0eee4526d}</UniqueIdentifier>
    </Filter>
    <Filter Include="ソース ファイル\chapter5\MSAA\Shader">
      <UniqueIdentifier>{9dbd060b-353f-4c45-adbe-fde494557150}</UniqueIdentifier>
    </Filter>
    <Filter Include="ソース ファイル\chapter5\Defferd">
      <UniqueIdentifier>{1799c0ad-bf99-457e-9cbd-375c7b4c5306}</UniqueIdentifier>
    </Filter>
    <Filter Include="ソース ファイル\chapter5\Defferd\Shader">
      <UniqueIdentifier>{9f2d8aec-cdc2-48d6-b808-7757940c93d1}</UniqueIdentifier>
    </Filter>
    <Filter Include="ソース ファイル\chapter6">
      <UniqueIdentifier>{fdc28b64-e14d-40b1-82b2-d01ec4c10fc3}</UniqueIdentifier>
    </Filter>
    <Filter Include="ソース ファイル\chapter6\PointsSprite">
      <UniqueIdentifier>{bf561bd2-ae17-4727-b50f-8f3a218e7155}</UniqueIdentifier>
    </Filter>
    <Filter Include="ソース ファイル\chapter6\PointsSprite\Shader">
      <UniqueIdentifier>{2689a2c1-974f-44b9-bf70-b93ff2d82e5d}</UniqueIdentifier>
    </Filter>
  </ItemGroup>
  <ItemGroup>
    <ClCompile Include="OpenGL.cpp">
      <Filter>ソース ファイル</Filter>
    </ClCompile>
    <ClCompile Include="chapter1\GLShader.cpp">
      <Filter>ソース ファイル\chapter1</Filter>
    </ClCompile>
    <ClCompile Include="chapter2\glslprogram.cpp">
      <Filter>ソース ファイル\chapter2</Filter>
    </ClCompile>
    <ClCompile Include="chapter2\scene.cpp">
      <Filter>ソース ファイル\chapter2</Filter>
    </ClCompile>
    <ClCompile Include="chapter2\vbotorus.cpp">
      <Filter>ソース ファイル\chapter2</Filter>
    </ClCompile>
    <ClCompile Include="chapter1\Glslprogram.cpp">
      <Filter>ソース ファイル\chapter1</Filter>
    </ClCompile>
    <ClCompile Include="chapter2\ADSScene.cpp">
      <Filter>ソース ファイル\chapter2</Filter>
    </ClCompile>
    <ClCompile Include="chapter2\teaPot.cpp">
      <Filter>ソース ファイル\chapter2</Filter>
    </ClCompile>
    <ClCompile Include="chapter2\SceneTwoSide.cpp">
      <Filter>ソース ファイル\chapter2</Filter>
    </ClCompile>
    <ClCompile Include="chapter2\FlatScene.cpp">
      <Filter>ソース ファイル\chapter2</Filter>
    </ClCompile>
    <ClCompile Include="chapter2\SceneSubRoutine.cpp">
      <Filter>ソース ファイル\chapter2</Filter>
    </ClCompile>
    <ClCompile Include="chapter2\DiscardScene.cpp">
      <Filter>ソース ファイル\chapter2</Filter>
    </ClCompile>
    <ClCompile Include="chapter3\multiLight\SceneMultiLight.cpp">
      <Filter>ソース ファイル\chapter3\multiLight</Filter>
    </ClCompile>
    <ClCompile Include="chapter3\Mesh\VBOPlane.cpp">
      <Filter>ソース ファイル\chapter3\Mesh</Filter>
    </ClCompile>
    <ClCompile Include="chapter3\directionalLight\SceneDirectionalLight.cpp">
      <Filter>ソース ファイル\chapter3\directionalLight</Filter>
    </ClCompile>
    <ClCompile Include="chapter3\PerFragment\ScenePerFragment.cpp">
      <Filter>ソース ファイル\chapter3\PerFragment</Filter>
    </ClCompile>
    <ClCompile Include="chapter3\SpotLight\SceneSpotLight.cpp">
      <Filter>ソース ファイル\chapter3\SpotLight</Filter>
    </ClCompile>
    <ClCompile Include="chapter3\Toon\SceneToon.cpp">
      <Filter>ソース ファイル\chapter3\Toon</Filter>
    </ClCompile>
    <ClCompile Include="chapter3\Fog\SceneFog.cpp">
      <Filter>ソース ファイル\chapter3\Fog</Filter>
    </ClCompile>
    <ClCompile Include="chapter4\UseTexture\SceneTexture.cpp">
      <Filter>ソース ファイル\chapter4\UseTexture</Filter>
    </ClCompile>
    <ClCompile Include="chapter4\Mesh\VBOCube.cpp">
      <Filter>ソース ファイル\chapter4\Mesh</Filter>
    </ClCompile>
    <ClCompile Include="chapter4\loadImage.cpp">
      <Filter>ソース ファイル\chapter4</Filter>
    </ClCompile>
    <ClCompile Include="chapter4\MultiTexture\MultiTexture.cpp">
      <Filter>ソース ファイル\chapter4\MultiTexture</Filter>
    </ClCompile>
    <ClCompile Include="chapter4\AlphaTest\SceneAlphaTest.cpp">
      <Filter>ソース ファイル\chapter4\AlphaTest</Filter>
    </ClCompile>
    <ClCompile Include="chapter4\NormalMap\SceneNormalMap.cpp">
      <Filter>ソース ファイル\chapter4\NormalMap</Filter>
    </ClCompile>
    <ClCompile Include="chapter4\Mesh\VBOMesh.cpp">
      <Filter>ソース ファイル\chapter4\Mesh</Filter>
    </ClCompile>
    <ClCompile Include="chapter4\ReflectCube\SceneReflectCube.cpp">
      <Filter>ソース ファイル\chapter4\ReflectCube</Filter>
    </ClCompile>
    <ClCompile Include="chapter4\Mesh\SkyBox.cpp">
      <Filter>ソース ファイル\chapter4\Mesh</Filter>
    </ClCompile>
    <ClCompile Include="chapter4\RefractCube\SceneRefractCube.cpp">
      <Filter>ソース ファイル\chapter4\RefractCube</Filter>
    </ClCompile>
    <ClCompile Include="chapter4\Projtex\SceneProjtex.cpp">
      <Filter>ソース ファイル\chapter4\projTex</Filter>
    </ClCompile>
    <ClCompile Include="chapter4\RenderToTex\SceneRenderToTex.cpp">
      <Filter>ソース ファイル\chapter4\RenderToTex</Filter>
    </ClCompile>
    <ClCompile Include="chapter5\Edge\SceneEdge.cpp">
      <Filter>ソース ファイル\chapter5\Edge</Filter>
    </ClCompile>
    <ClCompile Include="chapter5\Blur\SceneBlur.cpp">
      <Filter>ソース ファイル\chapter5\Blur</Filter>
    </ClCompile>
    <ClCompile Include="chapter5\Bloom\SceneBloom.cpp">
      <Filter>ソース ファイル\chapter5\Bloom</Filter>
    </ClCompile>
    <ClCompile Include="chapter5\Gamma\SceneGamma.cpp">
      <Filter>ソース ファイル\chapter5\Gamma</Filter>
    </ClCompile>
    <ClCompile Include="chapter5\MSAA\SceneMSAA.cpp">
      <Filter>ソース ファイル\chapter5\MSAA</Filter>
    </ClCompile>
    <ClCompile Include="chapter5\Defferd\SceneDefferd.cpp">
      <Filter>ソース ファイル\chapter5\Defferd</Filter>
    </ClCompile>
    <ClCompile Include="chapter6\PointsSprite\ScenePointsSprite.cpp">
      <Filter>ソース ファイル\chapter6\PointsSprite</Filter>
    </ClCompile>
  </ItemGroup>
  <ItemGroup>
    <None Include="chapter1\basic.vert">
      <Filter>ソース ファイル\chapter1</Filter>
    </None>
    <None Include="chapter1\basic.frag">
      <Filter>ソース ファイル\chapter1</Filter>
    </None>
    <None Include="chapter2\Shader\DiffuseShader.vert">
      <Filter>ソース ファイル\chapter2\Shader</Filter>
    </None>
    <None Include="chapter2\Shader\DiffuseShader.frag">
      <Filter>ソース ファイル\chapter2\Shader</Filter>
    </None>
    <None Include="chapter2\Shader\ADSShader.frag">
      <Filter>ソース ファイル\chapter2\Shader</Filter>
    </None>
    <None Include="chapter2\Shader\ADSShader.vert">
      <Filter>ソース ファイル\chapter2\Shader</Filter>
    </None>
    <None Include="chapter2\Shader\FunctionADSShader.vert">
      <Filter>ソース ファイル\chapter2\Shader</Filter>
    </None>
    <None Include="chapter2\Shader\FunctionADSShader.frag">
      <Filter>ソース ファイル\chapter2\Shader</Filter>
    </None>
    <None Include="chapter2\Shader\TwoSideShader.vert">
      <Filter>ソース ファイル\chapter2\Shader</Filter>
    </None>
    <None Include="chapter2\Shader\TwoSideShader.frag">
      <Filter>ソース ファイル\chapter2\Shader</Filter>
    </None>
    <None Include="chapter2\Shader\FlatShader.vert">
      <Filter>ソース ファイル\chapter2\Shader</Filter>
    </None>
    <None Include="chapter2\Shader\FlatShader.frag">
      <Filter>ソース ファイル\chapter2\Shader</Filter>
    </None>
    <None Include="chapter2\Shader\SubRoutineShader.vert">
      <Filter>ソース ファイル\chapter2\Shader</Filter>
    </None>
    <None Include="chapter2\Shader\SubRoutineShader.frag">
      <Filter>ソース ファイル\chapter2\Shader</Filter>
    </None>
    <None Include="chapter2\Shader\DiscardShader.vert">
      <Filter>ソース ファイル\chapter2\Shader</Filter>
    </None>
    <None Include="chapter2\Shader\DiscardShader.frag">
      <Filter>ソース ファイル\chapter2\Shader</Filter>
    </None>
    <None Include="chapter3\multiLight\Shader\MultiLightShader.frag">
      <Filter>ソース ファイル\chapter3\multiLight\Shader</Filter>
    </None>
    <None Include="chapter3\multiLight\Shader\MultiLightShader.vert">
      <Filter>ソース ファイル\chapter3\multiLight\Shader</Filter>
    </None>
    <None Include="chapter3\directionalLight\Shader\DirectionalLightShader.frag">
      <Filter>ソース ファイル\chapter3\directionalLight\Shader</Filter>
    </None>
    <None Include="chapter3\directionalLight\Shader\DirectionalLightShader.vert">
      <Filter>ソース ファイル\chapter3\directionalLight\Shader</Filter>
    </None>
    <None Include="chapter3\PerFragment\Shader\PerFragmentShader.vert">
      <Filter>ソース ファイル\chapter3\PerFragment\Shader</Filter>
    </None>
    <None Include="chapter3\PerFragment\Shader\PerFragmentShader.frag">
      <Filter>ソース ファイル\chapter3\PerFragment\Shader</Filter>
    </None>
    <None Include="chapter3\SpotLight\Shader\SpotLightShader.vert">
      <Filter>ソース ファイル\chapter3\SpotLight\Shader</Filter>
    </None>
    <None Include="chapter3\SpotLight\Shader\SpotLightShader.frag">
      <Filter>ソース ファイル\chapter3\SpotLight\Shader</Filter>
    </None>
    <None Include="chapter3\Toon\Shader\ToonShader.vert">
      <Filter>ソース ファイル\chapter3\Toon\Shader</Filter>
    </None>
    <None Include="chapter3\Toon\Shader\ToonShader.frag">
      <Filter>ソース ファイル\chapter3\Toon\Shader</Filter>
    </None>
    <None Include="chapter3\Fog\Shader\FogShader.vert">
      <Filter>ソース ファイル\chapter3\Fog\Shader</Filter>
    </None>
    <None Include="chapter3\Fog\Shader\FogShader.frag">
      <Filter>ソース ファイル\chapter3\Fog\Shader</Filter>
    </None>
    <None Include="chapter4\UseTexture\Shader\TextureShader.frag">
      <Filter>ソース ファイル\chapter4\UseTexture\Shader</Filter>
    </None>
    <None Include="chapter4\UseTexture\Shader\TextureShader.vert">
      <Filter>ソース ファイル\chapter4\UseTexture\Shader</Filter>
    </None>
    <None Include="chapter4\MultiTexture\Shader\MultiTextureShader.vert">
      <Filter>ソース ファイル\chapter4\MultiTexture\Shader</Filter>
    </None>
    <None Include="chapter4\MultiTexture\Shader\MultiTextureShader.frag">
      <Filter>ソース ファイル\chapter4\MultiTexture\Shader</Filter>
    </None>
    <None Include="chapter4\AlphaTest\Shader\AlphaTestShader.vert">
      <Filter>ソース ファイル\chapter4\AlphaTest\Shader</Filter>
    </None>
    <None Include="chapter4\AlphaTest\Shader\AlphaTestShader.frag">
      <Filter>ソース ファイル\chapter4\AlphaTest\Shader</Filter>
    </None>
    <None Include="chapter4\NormalMap\Shader\NormalMapShader.frag">
      <Filter>ソース ファイル\chapter4\NormalMap\Shader</Filter>
    </None>
    <None Include="chapter4\NormalMap\Shader\NormalMapShader.vert">
      <Filter>ソース ファイル\chapter4\NormalMap\Shader</Filter>
    </None>
    <None Include="chapter4\ReflectCube\Shader\ReflectCubeShader.vert">
      <Filter>ソース ファイル\chapter4\ReflectCube\Shader</Filter>
    </None>
    <None Include="chapter4\ReflectCube\Shader\ReflectCubeShader.frag">
      <Filter>ソース ファイル\chapter4\ReflectCube\Shader</Filter>
    </None>
    <None Include="chapter4\RefractCube\Shader\RefractCubeShader.vert">
      <Filter>ソース ファイル\chapter4\RefractCube\Shader</Filter>
    </None>
    <None Include="chapter4\RefractCube\Shader\RefractCubeShader.frag">
      <Filter>ソース ファイル\chapter4\RefractCube\Shader</Filter>
    </None>
    <None Include="chapter4\Projtex\Shader\ProjtexShader.vert">
      <Filter>ソース ファイル\chapter4\projTex</Filter>
    </None>
    <None Include="chapter4\Projtex\Shader\ProjtexShader.frag">
      <Filter>ソース ファイル\chapter4\projTex</Filter>
    </None>
    <None Include="chapter4\RenderToTex\Shader\RenderToTexShader.vert">
      <Filter>ソース ファイル\chapter4\RenderToTex\Shader</Filter>
    </None>
    <None Include="chapter4\RenderToTex\Shader\RenderToTexShader.frag">
      <Filter>ソース ファイル\chapter4\RenderToTex\Shader</Filter>
    </None>
    <None Include="chapter5\Edge\Shader\EdgeShader.vert">
      <Filter>ソース ファイル\chapter5\Edge\Shader</Filter>
    </None>
    <None Include="chapter5\Edge\Shader\EdgeShader.frag">
      <Filter>ソース ファイル\chapter5\Edge\Shader</Filter>
    </None>
    <None Include="chapter5\Blur\Shader\BlurShader.vert">
      <Filter>ソース ファイル\chapter5\Blur\Shader</Filter>
    </None>
    <None Include="chapter5\Blur\Shader\BlurShader.frag">
      <Filter>ソース ファイル\chapter5\Blur\Shader</Filter>
    </None>
    <None Include="chapter5\Bloom\Shader\BloomShader.frag">
      <Filter>ソース ファイル\chapter5\Bloom\Shader</Filter>
    </None>
    <None Include="chapter5\Bloom\Shader\BloomShader.vert">
      <Filter>ソース ファイル\chapter5\Bloom\Shader</Filter>
    </None>
    <None Include="chapter5\Gamma\Shader\GammaShader.frag">
      <Filter>ソース ファイル\chapter5\Gamma\Shader</Filter>
    </None>
    <None Include="chapter5\Gamma\Shader\GammaShader.vert">
      <Filter>ソース ファイル\chapter5\Gamma\Shader</Filter>
    </None>
    <None Include="chapter5\MSAA\Shader\MSAAShader.frag">
      <Filter>ソース ファイル\chapter5\MSAA\Shader</Filter>
    </None>
    <None Include="chapter5\MSAA\Shader\MSAAShader.vert">
      <Filter>ソース ファイル\chapter5\MSAA\Shader</Filter>
    </None>
    <None Include="chapter5\Defferd\Shader\DefferdShader.frag">
      <Filter>ソース ファイル\chapter5\Defferd\Shader</Filter>
    </None>
    <None Include="chapter5\Defferd\Shader\DefferdShader.vert">
      <Filter>ソース ファイル\chapter5\Defferd\Shader</Filter>
    </None>
    <None Include="chapter6\PointsSprite\Shader\PointsSpriteShader.frag">
      <Filter>ソース ファイル\chapter6\PointsSprite\Shader</Filter>
    </None>
    <None Include="chapter6\PointsSprite\Shader\PointsSpriteShader.vert">
      <Filter>ソース ファイル\chapter6\PointsSprite\Shader</Filter>
    </None>
    <None Include="chapter6\PointsSprite\Shader\PointsSpriteShader.gs">
      <Filter>ソース ファイル\chapter6\PointsSprite\Shader</Filter>
    </None>
  </ItemGroup>
  <ItemGroup>
    <ClInclude Include="chapter1\GLShader.hpp">
      <Filter>ソース ファイル\chapter1</Filter>
    </ClInclude>
    <ClInclude Include="chapter2\glslprogram.h">
      <Filter>ソース ファイル\chapter2</Filter>
    </ClInclude>
    <ClInclude Include="chapter2\scene.h">
      <Filter>ソース ファイル\chapter2</Filter>
    </ClInclude>
    <ClInclude Include="chapter2\Drawable.h">
      <Filter>ソース ファイル\chapter2</Filter>
    </ClInclude>
    <ClInclude Include="chapter2\vbotorus.h">
      <Filter>ソース ファイル\chapter2</Filter>
    </ClInclude>
    <ClInclude Include="chapter2\defines.h">
      <Filter>ソース ファイル\chapter2</Filter>
    </ClInclude>
    <ClInclude Include="chapter1\Glslprogram.h">
      <Filter>ソース ファイル\chapter1</Filter>
    </ClInclude>
    <ClInclude Include="chapter2\ADSScene.h">
      <Filter>ソース ファイル\chapter2</Filter>
    </ClInclude>
    <ClInclude Include="chapter2\teaPot.h">
      <Filter>ソース ファイル\chapter2</Filter>
    </ClInclude>
    <ClInclude Include="chapter2\teapotdata.h">
      <Filter>ソース ファイル\chapter2</Filter>
    </ClInclude>
    <ClInclude Include="chapter2\SceneTwoSide.h">
      <Filter>ソース ファイル\chapter2</Filter>
    </ClInclude>
    <ClInclude Include="chapter2\FlatScene.h">
      <Filter>ソース ファイル\chapter2</Filter>
    </ClInclude>
    <ClInclude Include="chapter2\SceneSubRoutine.h">
      <Filter>ソース ファイル\chapter2</Filter>
    </ClInclude>
    <ClInclude Include="chapter2\DiscardScene.h">
      <Filter>ソース ファイル\chapter2</Filter>
    </ClInclude>
    <ClInclude Include="chapter3\multiLight\SceneMultiLight.h">
      <Filter>ソース ファイル\chapter3\multiLight</Filter>
    </ClInclude>
    <ClInclude Include="chapter3\Mesh\VBOPlane.h">
      <Filter>ソース ファイル\chapter3\Mesh</Filter>
    </ClInclude>
    <ClInclude Include="chapter3\directionalLight\SceneDirectionalLight.h">
      <Filter>ソース ファイル\chapter3\directionalLight</Filter>
    </ClInclude>
    <ClInclude Include="chapter3\PerFragment\ScenePerFragment.h">
      <Filter>ソース ファイル\chapter3\PerFragment</Filter>
    </ClInclude>
    <ClInclude Include="chapter3\SpotLight\SceneSpotLight.h">
      <Filter>ソース ファイル\chapter3\SpotLight</Filter>
    </ClInclude>
    <ClInclude Include="chapter3\Toon\SceneToon.h">
      <Filter>ソース ファイル\chapter3\Toon</Filter>
    </ClInclude>
    <ClInclude Include="chapter3\Fog\SceneFog.h">
      <Filter>ソース ファイル\chapter3\Fog</Filter>
    </ClInclude>
    <ClInclude Include="chapter4\UseTexture\SceneTexture.h">
      <Filter>ソース ファイル\chapter4\UseTexture</Filter>
    </ClInclude>
    <ClInclude Include="chapter4\Mesh\VBOCube.h">
      <Filter>ソース ファイル\chapter4\Mesh</Filter>
    </ClInclude>
    <ClInclude Include="chapter4\loadImage.h">
      <Filter>ソース ファイル\chapter4</Filter>
    </ClInclude>
    <ClInclude Include="chapter4\MultiTexture\MultiTexture.h">
      <Filter>ソース ファイル\chapter4\MultiTexture</Filter>
    </ClInclude>
    <ClInclude Include="chapter4\AlphaTest\SceneAlphaTest.h">
      <Filter>ソース ファイル\chapter4\AlphaTest</Filter>
    </ClInclude>
    <ClInclude Include="chapter4\NormalMap\SceneNormalMap.h">
      <Filter>ソース ファイル\chapter4\NormalMap</Filter>
    </ClInclude>
    <ClInclude Include="chapter4\Mesh\VBOMesh.h">
      <Filter>ソース ファイル\chapter4\Mesh</Filter>
    </ClInclude>
    <ClInclude Include="chapter4\ReflectCube\SceneReflectCube.h">
      <Filter>ソース ファイル\chapter4\ReflectCube</Filter>
    </ClInclude>
    <ClInclude Include="chapter4\Mesh\SkyBox.h">
      <Filter>ソース ファイル\chapter4\Mesh</Filter>
    </ClInclude>
    <ClInclude Include="chapter4\RefractCube\SceneRefractCube.h">
      <Filter>ソース ファイル\chapter4\RefractCube</Filter>
    </ClInclude>
    <ClInclude Include="chapter4\Projtex\SceneProjtex.h">
      <Filter>ソース ファイル\chapter4\projTex</Filter>
    </ClInclude>
    <ClInclude Include="chapter4\RenderToTex\SceneRenderToTex.h">
      <Filter>ソース ファイル\chapter4\RenderToTex</Filter>
    </ClInclude>
    <ClInclude Include="chapter5\Edge\SceneEdge.h">
      <Filter>ソース ファイル\chapter5\Edge</Filter>
    </ClInclude>
    <ClInclude Include="chapter5\Blur\SceneBlur.h">
      <Filter>ソース ファイル\chapter5\Blur</Filter>
    </ClInclude>
    <ClInclude Include="chapter5\Bloom\SceneBloom.h">
      <Filter>ソース ファイル\chapter5\Bloom</Filter>
    </ClInclude>
    <ClInclude Include="chapter5\Gamma\SceneGamma.h">
      <Filter>ソース ファイル\chapter5\Gamma</Filter>
    </ClInclude>
    <ClInclude Include="chapter5\MSAA\SceneMSAA.h">
      <Filter>ソース ファイル\chapter5\MSAA</Filter>
    </ClInclude>
    <ClInclude Include="chapter5\Defferd\SceneDefferd.h">
      <Filter>ソース ファイル\chapter5\Defferd</Filter>
    </ClInclude>
    <ClInclude Include="chapter6\PointsSprite\ScenePointsSprite.h">
      <Filter>ソース ファイル\chapter6\PointsSprite</Filter>
    </ClInclude>
  </ItemGroup>
  <ItemGroup>
    <Image Include="chapter4\Texture\brick1.jpg">
      <Filter>ソース ファイル\chapter4\Texture</Filter>
    </Image>
    <Image Include="chapter4\Texture\cement.jpg">
      <Filter>ソース ファイル\chapter4\Texture</Filter>
    </Image>
    <Image Include="chapter4\Texture\flower.png">
      <Filter>ソース ファイル\chapter4\Texture</Filter>
    </Image>
    <Image Include="chapter4\Texture\moss.png">
      <Filter>ソース ファイル\chapter4\Texture</Filter>
    </Image>
    <Image Include="chapter4\Texture\ogre_diffuse.png">
      <Filter>ソース ファイル\chapter4\Texture</Filter>
    </Image>
    <Image Include="chapter4\Texture\ogre_normalmap.png">
      <Filter>ソース ファイル\chapter4\Texture</Filter>
    </Image>
  </ItemGroup>
</Project>